
Microsoft Visual Studio Solution File, Format Version 12.00
# Visual Studio 15
VisualStudioVersion = 15.0.27130.2026
MinimumVisualStudioVersion = 10.0.40219.1
Project("{2150E333-8FDC-42A3-9474-1A3956D46DE8}") = "DataBase", "DataBase", "{4CC6BEFD-0470-47F3-B81B-F75DD88D2DFA}"
EndProject
Project("{2150E333-8FDC-42A3-9474-1A3956D46DE8}") = "Docs", "Docs", "{02694D70-9290-4F7B-9148-3D1D507217BF}"
EndProject
Project("{2150E333-8FDC-42A3-9474-1A3956D46DE8}") = "src", "src", "{0DBE249A-696E-4873-AC17-EE22CA21F20D}"
EndProject
Project("{2150E333-8FDC-42A3-9474-1A3956D46DE8}") = "test", "test", "{E6CE466D-C0CD-451F-8444-A9638A712A1A}"
EndProject
Project("{2150E333-8FDC-42A3-9474-1A3956D46DE8}") = "Modules", "Modules", "{5B3D06E6-33E8-43BB-8CEB-81CCEB183243}"
EndProject
Project("{9A19103F-16F7-4668-BE54-9A1E7A4F7556}") = "Wjw1.Infrastructure", "src\Infrastructure\Wjw1.Infrastructure.csproj", "{5C934A63-0C25-464F-9FB4-6CA9907CB016}"
EndProject
Project("{9A19103F-16F7-4668-BE54-9A1E7A4F7556}") = "Web", "src\Web\Web.csproj", "{E960439E-438E-4271-B718-B82F08DD00AC}"
EndProject
Project("{9A19103F-16F7-4668-BE54-9A1E7A4F7556}") = "Wjw1.Libarary.ModuleBaseLibrary", "src\ModuleBaseLibrary\Wjw1.Libarary.ModuleBaseLibrary.csproj", "{8D87D242-EAF1-4A18-B916-E1A0A4533529}"
EndProject
Project("{9A19103F-16F7-4668-BE54-9A1E7A4F7556}") = "Wjw1.Module.Task", "src\Modules\Wjw1.Module.Task\Wjw1.Module.Task.csproj", "{111EDFF3-997D-4F97-B308-7E06EF5B0C47}"
EndProject
Project("{9A19103F-16F7-4668-BE54-9A1E7A4F7556}") = "Wjw1.Module.Localization", "src\Modules\Wjw1.Module.Localization\Wjw1.Module.Localization.csproj", "{FF941AA8-D409-4D4E-9532-FE061AC5BC6C}"
EndProject
Project("{9A19103F-16F7-4668-BE54-9A1E7A4F7556}") = "VueApp", "src\VueApp\VueApp.csproj", "{B1809D52-2BD7-4865-BB73-0ACBB49EF954}"
EndProject
Project("{9A19103F-16F7-4668-BE54-9A1E7A4F7556}") = "AngularApp", "src\AngularApp\AngularApp.csproj", "{CBED808E-1D0A-46EF-9B1C-265EA774CC8C}"
EndProject
Global
	GlobalSection(SolutionConfigurationPlatforms) = preSolution
		Debug|Any CPU = Debug|Any CPU
		Release|Any CPU = Release|Any CPU
	EndGlobalSection
	GlobalSection(ProjectConfigurationPlatforms) = postSolution
		{5C934A63-0C25-464F-9FB4-6CA9907CB016}.Debug|Any CPU.ActiveCfg = Debug|Any CPU
		{5C934A63-0C25-464F-9FB4-6CA9907CB016}.Debug|Any CPU.Build.0 = Debug|Any CPU
		{5C934A63-0C25-464F-9FB4-6CA9907CB016}.Release|Any CPU.ActiveCfg = Release|Any CPU
		{5C934A63-0C25-464F-9FB4-6CA9907CB016}.Release|Any CPU.Build.0 = Release|Any CPU
		{E960439E-438E-4271-B718-B82F08DD00AC}.Debug|Any CPU.ActiveCfg = Debug|Any CPU
		{E960439E-438E-4271-B718-B82F08DD00AC}.Debug|Any CPU.Build.0 = Debug|Any CPU
		{E960439E-438E-4271-B718-B82F08DD00AC}.Release|Any CPU.ActiveCfg = Release|Any CPU
		{E960439E-438E-4271-B718-B82F08DD00AC}.Release|Any CPU.Build.0 = Release|Any CPU
		{8D87D242-EAF1-4A18-B916-E1A0A4533529}.Debug|Any CPU.ActiveCfg = Debug|Any CPU
		{8D87D242-EAF1-4A18-B916-E1A0A4533529}.Debug|Any CPU.Build.0 = Debug|Any CPU
		{8D87D242-EAF1-4A18-B916-E1A0A4533529}.Release|Any CPU.ActiveCfg = Release|Any CPU
		{8D87D242-EAF1-4A18-B916-E1A0A4533529}.Release|Any CPU.Build.0 = Release|Any CPU
		{111EDFF3-997D-4F97-B308-7E06EF5B0C47}.Debug|Any CPU.ActiveCfg = Debug|Any CPU
		{111EDFF3-997D-4F97-B308-7E06EF5B0C47}.Debug|Any CPU.Build.0 = Debug|Any CPU
		{111EDFF3-997D-4F97-B308-7E06EF5B0C47}.Release|Any CPU.ActiveCfg = Release|Any CPU
		{111EDFF3-997D-4F97-B308-7E06EF5B0C47}.Release|Any CPU.Build.0 = Release|Any CPU
		{FF941AA8-D409-4D4E-9532-FE061AC5BC6C}.Debug|Any CPU.ActiveCfg = Debug|Any CPU
		{FF941AA8-D409-4D4E-9532-FE061AC5BC6C}.Debug|Any CPU.Build.0 = Debug|Any CPU
		{FF941AA8-D409-4D4E-9532-FE061AC5BC6C}.Release|Any CPU.ActiveCfg = Release|Any CPU
		{FF941AA8-D409-4D4E-9532-FE061AC5BC6C}.Release|Any CPU.Build.0 = Release|Any CPU
		{B1809D52-2BD7-4865-BB73-0ACBB49EF954}.Debug|Any CPU.ActiveCfg = Debug|Any CPU
		{B1809D52-2BD7-4865-BB73-0ACBB49EF954}.Debug|Any CPU.Build.0 = Debug|Any CPU
		{B1809D52-2BD7-4865-BB73-0ACBB49EF954}.Release|Any CPU.ActiveCfg = Release|Any CPU
		{B1809D52-2BD7-4865-BB73-0ACBB49EF954}.Release|Any CPU.Build.0 = Release|Any CPU
		{CBED808E-1D0A-46EF-9B1C-265EA774CC8C}.Debug|Any CPU.ActiveCfg = Debug|Any CPU
		{CBED808E-1D0A-46EF-9B1C-265EA774CC8C}.Debug|Any CPU.Build.0 = Debug|Any CPU
		{CBED808E-1D0A-46EF-9B1C-265EA774CC8C}.Release|Any CPU.ActiveCfg = Release|Any CPU
		{CBED808E-1D0A-46EF-9B1C-265EA774CC8C}.Release|Any CPU.Build.0 = Release|Any CPU
	EndGlobalSection
	GlobalSection(SolutionProperties) = preSolution
		HideSolutionNode = FALSE
	EndGlobalSection
	GlobalSection(NestedProjects) = preSolution
		{5B3D06E6-33E8-43BB-8CEB-81CCEB183243} = {0DBE249A-696E-4873-AC17-EE22CA21F20D}
		{5C934A63-0C25-464F-9FB4-6CA9907CB016} = {0DBE249A-696E-4873-AC17-EE22CA21F20D}
		{E960439E-438E-4271-B718-B82F08DD00AC} = {0DBE249A-696E-4873-AC17-EE22CA21F20D}
		{8D87D242-EAF1-4A18-B916-E1A0A4533529} = {0DBE249A-696E-4873-AC17-EE22CA21F20D}
		{111EDFF3-997D-4F97-B308-7E06EF5B0C47} = {5B3D06E6-33E8-43BB-8CEB-81CCEB183243}
		{FF941AA8-D409-4D4E-9532-FE061AC5BC6C} = {5B3D06E6-33E8-43BB-8CEB-81CCEB183243}
		{B1809D52-2BD7-4865-BB73-0ACBB49EF954} = {0DBE249A-696E-4873-AC17-EE22CA21F20D}
		{CBED808E-1D0A-46EF-9B1C-265EA774CC8C} = {0DBE249A-696E-4873-AC17-EE22CA21F20D}
	EndGlobalSection
	GlobalSection(ExtensibilityGlobals) = postSolution
		SolutionGuid = {DC39D9AB-63D9-4B6F-82EB-ED3998E0DD37}
	EndGlobalSection
EndGlobal
