
Microsoft Visual Studio Solution File, Format Version 12.00
# Visual Studio 15
VisualStudioVersion = 15.0.26403.7
MinimumVisualStudioVersion = 10.0.40219.1
Project("{2150E333-8FDC-42A3-9474-1A3956D46DE8}") = "DataBase", "DataBase", "{4CC6BEFD-0470-47F3-B81B-F75DD88D2DFA}"
EndProject
Project("{2150E333-8FDC-42A3-9474-1A3956D46DE8}") = "Docs", "Docs", "{02694D70-9290-4F7B-9148-3D1D507217BF}"
EndProject
Project("{2150E333-8FDC-42A3-9474-1A3956D46DE8}") = "src", "src", "{0DBE249A-696E-4873-AC17-EE22CA21F20D}"
EndProject
Project("{2150E333-8FDC-42A3-9474-1A3956D46DE8}") = "test", "test", "{E6CE466D-C0CD-451F-8444-A9638A712A1A}"
EndProject
Project("{2150E333-8FDC-42A3-9474-1A3956D46DE8}") = "Modules", "Modules", "{5B3D06E6-33E8-43BB-8CEB-81CCEB183243}"
EndProject
Global
	GlobalSection(SolutionProperties) = preSolution
		HideSolutionNode = FALSE
	EndGlobalSection
	GlobalSection(NestedProjects) = preSolution
		{5B3D06E6-33E8-43BB-8CEB-81CCEB183243} = {0DBE249A-696E-4873-AC17-EE22CA21F20D}
	EndGlobalSection
EndGlobal
